
Microsoft Visual Studio Solution File, Format Version 12.00
# Visual Studio Version 16
VisualStudioVersion = 16.0.31702.278
MinimumVisualStudioVersion = 10.0.40219.1
Project("{FAE04EC0-301F-11D3-BF4B-00C04F79EFBC}") = "ClassLibrarySleepTracker", "ClassLibrarySleepTracker\ClassLibrarySleepTracker.csproj", "{778ED8E7-B002-4376-A2E4-C6BAE649E533}"
EndProject
Global
	GlobalSection(SolutionConfigurationPlatforms) = preSolution
		Debug|Any CPU = Debug|Any CPU
		Release|Any CPU = Release|Any CPU
	EndGlobalSection
	GlobalSection(ProjectConfigurationPlatforms) = postSolution
		{778ED8E7-B002-4376-A2E4-C6BAE649E533}.Debug|Any CPU.ActiveCfg = Debug|Any CPU
		{778ED8E7-B002-4376-A2E4-C6BAE649E533}.Debug|Any CPU.Build.0 = Debug|Any CPU
		{778ED8E7-B002-4376-A2E4-C6BAE649E533}.Release|Any CPU.ActiveCfg = Release|Any CPU
		{778ED8E7-B002-4376-A2E4-C6BAE649E533}.Release|Any CPU.Build.0 = Release|Any CPU
	EndGlobalSection
	GlobalSection(SolutionProperties) = preSolution
		HideSolutionNode = FALSE
	EndGlobalSection
	GlobalSection(ExtensibilityGlobals) = postSolution
		SolutionGuid = {8A8B1B37-274B-4BF9-878B-453D8D6C6EA0}
	EndGlobalSection
EndGlobal
